// !$*UTF8*$!
{
	archiveVersion = 1;
	classes = {
	};
	objectVersion = 46;
	objects = {

/* Begin PBXBuildFile section */
		4BA090BCA669F3D06B8DF8C9 /* Pods_HelloUniverseTests.framework in Frameworks */ = {isa = PBXBuildFile; fileRef = DF865B6142243E1B679BF8BC /* Pods_HelloUniverseTests.framework */; };
		5B261EA41D5225B00057F831 /* AppDelegate.swift in Sources */ = {isa = PBXBuildFile; fileRef = 5B261EA31D5225B00057F831 /* AppDelegate.swift */; };
		5B261EA61D5225B00057F831 /* ViewController.swift in Sources */ = {isa = PBXBuildFile; fileRef = 5B261EA51D5225B00057F831 /* ViewController.swift */; };
		5B261EA91D5225B00057F831 /* Main.storyboard in Resources */ = {isa = PBXBuildFile; fileRef = 5B261EA71D5225B00057F831 /* Main.storyboard */; };
		5B261EAB1D5225B00057F831 /* Assets.xcassets in Resources */ = {isa = PBXBuildFile; fileRef = 5B261EAA1D5225B00057F831 /* Assets.xcassets */; };
		5B261EAE1D5225B00057F831 /* LaunchScreen.storyboard in Resources */ = {isa = PBXBuildFile; fileRef = 5B261EAC1D5225B00057F831 /* LaunchScreen.storyboard */; };
		5B261EB91D5225B00057F831 /* HelloUniverseTests.swift in Sources */ = {isa = PBXBuildFile; fileRef = 5B261EB81D5225B00057F831 /* HelloUniverseTests.swift */; };
		5B261EC61D52277B0057F831 /* Greeting.swift in Sources */ = {isa = PBXBuildFile; fileRef = 5B261EC51D52277B0057F831 /* Greeting.swift */; };
		5B261EC81D522ADB0057F831 /* GreetingTest.swift in Sources */ = {isa = PBXBuildFile; fileRef = 5B261EC71D522ADB0057F831 /* GreetingTest.swift */; };
		94D7A598E5EA179092B26426 /* Pods_HelloUniverse.framework in Frameworks */ = {isa = PBXBuildFile; fileRef = D2EBF956CA761A828E0BE2D4 /* Pods_HelloUniverse.framework */; };
/* End PBXBuildFile section */

/* Begin PBXContainerItemProxy section */
		5B261EB51D5225B00057F831 /* PBXContainerItemProxy */ = {
			isa = PBXContainerItemProxy;
			containerPortal = 5B261E981D5225B00057F831 /* Project object */;
			proxyType = 1;
			remoteGlobalIDString = 5B261E9F1D5225B00057F831;
			remoteInfo = HelloUniverse;
		};
/* End PBXContainerItemProxy section */

/* Begin PBXFileReference section */
		0B6669A58490544F82509EE5 /* Pods-HelloUniverseTests.debug.xcconfig */ = {isa = PBXFileReference; includeInIndex = 1; lastKnownFileType = text.xcconfig; name = "Pods-HelloUniverseTests.debug.xcconfig"; path = "Pods/Target Support Files/Pods-HelloUniverseTests/Pods-HelloUniverseTests.debug.xcconfig"; sourceTree = "<group>"; };
		112D9E5951C37CC1429EF5E4 /* Pods-HelloUniverseTests.release.xcconfig */ = {isa = PBXFileReference; includeInIndex = 1; lastKnownFileType = text.xcconfig; name = "Pods-HelloUniverseTests.release.xcconfig"; path = "Pods/Target Support Files/Pods-HelloUniverseTests/Pods-HelloUniverseTests.release.xcconfig"; sourceTree = "<group>"; };
		4B265A6801C8FB606395BCB0 /* Pods-HelloUniverse.debug.xcconfig */ = {isa = PBXFileReference; includeInIndex = 1; lastKnownFileType = text.xcconfig; name = "Pods-HelloUniverse.debug.xcconfig"; path = "Pods/Target Support Files/Pods-HelloUniverse/Pods-HelloUniverse.debug.xcconfig"; sourceTree = "<group>"; };
		5B261EA01D5225B00057F831 /* HelloUniverse.app */ = {isa = PBXFileReference; explicitFileType = wrapper.application; includeInIndex = 0; path = HelloUniverse.app; sourceTree = BUILT_PRODUCTS_DIR; };
		5B261EA31D5225B00057F831 /* AppDelegate.swift */ = {isa = PBXFileReference; lastKnownFileType = sourcecode.swift; path = AppDelegate.swift; sourceTree = "<group>"; };
		5B261EA51D5225B00057F831 /* ViewController.swift */ = {isa = PBXFileReference; lastKnownFileType = sourcecode.swift; path = ViewController.swift; sourceTree = "<group>"; };
		5B261EA81D5225B00057F831 /* Base */ = {isa = PBXFileReference; lastKnownFileType = file.storyboard; name = Base; path = Base.lproj/Main.storyboard; sourceTree = "<group>"; };
		5B261EAA1D5225B00057F831 /* Assets.xcassets */ = {isa = PBXFileReference; lastKnownFileType = folder.assetcatalog; path = Assets.xcassets; sourceTree = "<group>"; };
		5B261EAD1D5225B00057F831 /* Base */ = {isa = PBXFileReference; lastKnownFileType = file.storyboard; name = Base; path = Base.lproj/LaunchScreen.storyboard; sourceTree = "<group>"; };
		5B261EAF1D5225B00057F831 /* Info.plist */ = {isa = PBXFileReference; lastKnownFileType = text.plist.xml; path = Info.plist; sourceTree = "<group>"; };
		5B261EB41D5225B00057F831 /* HelloUniverseTests.xctest */ = {isa = PBXFileReference; explicitFileType = wrapper.cfbundle; includeInIndex = 0; path = HelloUniverseTests.xctest; sourceTree = BUILT_PRODUCTS_DIR; };
		5B261EB81D5225B00057F831 /* HelloUniverseTests.swift */ = {isa = PBXFileReference; lastKnownFileType = sourcecode.swift; path = HelloUniverseTests.swift; sourceTree = "<group>"; };
		5B261EBA1D5225B00057F831 /* Info.plist */ = {isa = PBXFileReference; lastKnownFileType = text.plist.xml; path = Info.plist; sourceTree = "<group>"; };
		5B261EC51D52277B0057F831 /* Greeting.swift */ = {isa = PBXFileReference; fileEncoding = 4; lastKnownFileType = sourcecode.swift; path = Greeting.swift; sourceTree = "<group>"; };
		5B261EC71D522ADB0057F831 /* GreetingTest.swift */ = {isa = PBXFileReference; fileEncoding = 4; lastKnownFileType = sourcecode.swift; path = GreetingTest.swift; sourceTree = "<group>"; };
		D2EBF956CA761A828E0BE2D4 /* Pods_HelloUniverse.framework */ = {isa = PBXFileReference; explicitFileType = wrapper.framework; includeInIndex = 0; path = Pods_HelloUniverse.framework; sourceTree = BUILT_PRODUCTS_DIR; };
		D3253BE278F0A62500DE08C2 /* Pods-HelloUniverse.release.xcconfig */ = {isa = PBXFileReference; includeInIndex = 1; lastKnownFileType = text.xcconfig; name = "Pods-HelloUniverse.release.xcconfig"; path = "Pods/Target Support Files/Pods-HelloUniverse/Pods-HelloUniverse.release.xcconfig"; sourceTree = "<group>"; };
		DF865B6142243E1B679BF8BC /* Pods_HelloUniverseTests.framework */ = {isa = PBXFileReference; explicitFileType = wrapper.framework; includeInIndex = 0; path = Pods_HelloUniverseTests.framework; sourceTree = BUILT_PRODUCTS_DIR; };
/* End PBXFileReference section */

/* Begin PBXFrameworksBuildPhase section */
		5B261E9D1D5225B00057F831 /* Frameworks */ = {
			isa = PBXFrameworksBuildPhase;
			buildActionMask = 2147483647;
			files = (
				94D7A598E5EA179092B26426 /* Pods_HelloUniverse.framework in Frameworks */,
			);
			runOnlyForDeploymentPostprocessing = 0;
		};
		5B261EB11D5225B00057F831 /* Frameworks */ = {
			isa = PBXFrameworksBuildPhase;
			buildActionMask = 2147483647;
			files = (
				4BA090BCA669F3D06B8DF8C9 /* Pods_HelloUniverseTests.framework in Frameworks */,
			);
			runOnlyForDeploymentPostprocessing = 0;
		};
/* End PBXFrameworksBuildPhase section */

/* Begin PBXGroup section */
		5B261E971D5225B00057F831 = {
			isa = PBXGroup;
			children = (
				5B261EA21D5225B00057F831 /* HelloUniverse */,
				5B261EB71D5225B00057F831 /* HelloUniverseTests */,
				5B261EA11D5225B00057F831 /* Products */,
				8AA2A97DBDED98536407D4DD /* Pods */,
				752DB9CDBE8C0657937BAA12 /* Frameworks */,
			);
			sourceTree = "<group>";
		};
		5B261EA11D5225B00057F831 /* Products */ = {
			isa = PBXGroup;
			children = (
				5B261EA01D5225B00057F831 /* HelloUniverse.app */,
				5B261EB41D5225B00057F831 /* HelloUniverseTests.xctest */,
			);
			name = Products;
			sourceTree = "<group>";
		};
		5B261EA21D5225B00057F831 /* HelloUniverse */ = {
			isa = PBXGroup;
			children = (
				5B261EC51D52277B0057F831 /* Greeting.swift */,
				5B261EC31D52271E0057F831 /* Supporting Files */,
			);
			path = HelloUniverse;
			sourceTree = "<group>";
		};
		5B261EB71D5225B00057F831 /* HelloUniverseTests */ = {
			isa = PBXGroup;
			children = (
				5B261EC41D52272A0057F831 /* Test Supporting Files */,
				5B261EC71D522ADB0057F831 /* GreetingTest.swift */,
			);
			path = HelloUniverseTests;
			sourceTree = "<group>";
		};
		5B261EC31D52271E0057F831 /* Supporting Files */ = {
			isa = PBXGroup;
			children = (
				5B261EA31D5225B00057F831 /* AppDelegate.swift */,
				5B261EA51D5225B00057F831 /* ViewController.swift */,
				5B261EA71D5225B00057F831 /* Main.storyboard */,
				5B261EAA1D5225B00057F831 /* Assets.xcassets */,
				5B261EAC1D5225B00057F831 /* LaunchScreen.storyboard */,
				5B261EAF1D5225B00057F831 /* Info.plist */,
			);
			name = "Supporting Files";
			sourceTree = "<group>";
		};
		5B261EC41D52272A0057F831 /* Test Supporting Files */ = {
			isa = PBXGroup;
			children = (
				5B261EB81D5225B00057F831 /* HelloUniverseTests.swift */,
				5B261EBA1D5225B00057F831 /* Info.plist */,
			);
			name = "Test Supporting Files";
			sourceTree = "<group>";
		};
		752DB9CDBE8C0657937BAA12 /* Frameworks */ = {
			isa = PBXGroup;
			children = (
				D2EBF956CA761A828E0BE2D4 /* Pods_HelloUniverse.framework */,
				DF865B6142243E1B679BF8BC /* Pods_HelloUniverseTests.framework */,
			);
			name = Frameworks;
			sourceTree = "<group>";
		};
		8AA2A97DBDED98536407D4DD /* Pods */ = {
			isa = PBXGroup;
			children = (
				4B265A6801C8FB606395BCB0 /* Pods-HelloUniverse.debug.xcconfig */,
				D3253BE278F0A62500DE08C2 /* Pods-HelloUniverse.release.xcconfig */,
				0B6669A58490544F82509EE5 /* Pods-HelloUniverseTests.debug.xcconfig */,
				112D9E5951C37CC1429EF5E4 /* Pods-HelloUniverseTests.release.xcconfig */,
			);
			name = Pods;
			sourceTree = "<group>";
		};
/* End PBXGroup section */

/* Begin PBXNativeTarget section */
		5B261E9F1D5225B00057F831 /* HelloUniverse */ = {
			isa = PBXNativeTarget;
			buildConfigurationList = 5B261EBD1D5225B00057F831 /* Build configuration list for PBXNativeTarget "HelloUniverse" */;
			buildPhases = (
				8004B6085DA63EAC8C8856C1 /* [CP] Check Pods Manifest.lock */,
				5B261E9C1D5225B00057F831 /* Sources */,
				5B261E9D1D5225B00057F831 /* Frameworks */,
				5B261E9E1D5225B00057F831 /* Resources */,
				DACDF4DFFED7A44DCF8F9703 /* [CP] Embed Pods Frameworks */,
				7580CC739665B5C9BCC25C30 /* [CP] Copy Pods Resources */,
			);
			buildRules = (
			);
			dependencies = (
			);
			name = HelloUniverse;
			productName = HelloUniverse;
			productReference = 5B261EA01D5225B00057F831 /* HelloUniverse.app */;
			productType = "com.apple.product-type.application";
		};
		5B261EB31D5225B00057F831 /* HelloUniverseTests */ = {
			isa = PBXNativeTarget;
			buildConfigurationList = 5B261EC01D5225B00057F831 /* Build configuration list for PBXNativeTarget "HelloUniverseTests" */;
			buildPhases = (
				3FB1706D9C6CD48F6D53B43A /* [CP] Check Pods Manifest.lock */,
				5B261EB01D5225B00057F831 /* Sources */,
				5B261EB11D5225B00057F831 /* Frameworks */,
				5B261EB21D5225B00057F831 /* Resources */,
				51522D2CFC494D54867F247C /* [CP] Embed Pods Frameworks */,
				2B2B45FBBF203E6EB590FB7F /* [CP] Copy Pods Resources */,
			);
			buildRules = (
			);
			dependencies = (
				5B261EB61D5225B00057F831 /* PBXTargetDependency */,
			);
			name = HelloUniverseTests;
			productName = HelloUniverseTests;
			productReference = 5B261EB41D5225B00057F831 /* HelloUniverseTests.xctest */;
			productType = "com.apple.product-type.bundle.unit-test";
		};
/* End PBXNativeTarget section */

/* Begin PBXProject section */
		5B261E981D5225B00057F831 /* Project object */ = {
			isa = PBXProject;
			attributes = {
				LastSwiftUpdateCheck = 0730;
				LastUpgradeCheck = 0730;
				ORGANIZATIONNAME = "Flatiron School";
				TargetAttributes = {
					5B261E9F1D5225B00057F831 = {
						CreatedOnToolsVersion = 7.3.1;
					};
					5B261EB31D5225B00057F831 = {
						CreatedOnToolsVersion = 7.3.1;
						TestTargetID = 5B261E9F1D5225B00057F831;
					};
				};
			};
			buildConfigurationList = 5B261E9B1D5225B00057F831 /* Build configuration list for PBXProject "HelloUniverse" */;
			compatibilityVersion = "Xcode 3.2";
			developmentRegion = English;
			hasScannedForEncodings = 0;
			knownRegions = (
				en,
				Base,
			);
			mainGroup = 5B261E971D5225B00057F831;
			productRefGroup = 5B261EA11D5225B00057F831 /* Products */;
			projectDirPath = "";
			projectRoot = "";
			targets = (
				5B261E9F1D5225B00057F831 /* HelloUniverse */,
				5B261EB31D5225B00057F831 /* HelloUniverseTests */,
			);
		};
/* End PBXProject section */

/* Begin PBXResourcesBuildPhase section */
		5B261E9E1D5225B00057F831 /* Resources */ = {
			isa = PBXResourcesBuildPhase;
			buildActionMask = 2147483647;
			files = (
				5B261EAE1D5225B00057F831 /* LaunchScreen.storyboard in Resources */,
				5B261EAB1D5225B00057F831 /* Assets.xcassets in Resources */,
				5B261EA91D5225B00057F831 /* Main.storyboard in Resources */,
			);
			runOnlyForDeploymentPostprocessing = 0;
		};
		5B261EB21D5225B00057F831 /* Resources */ = {
			isa = PBXResourcesBuildPhase;
			buildActionMask = 2147483647;
			files = (
			);
			runOnlyForDeploymentPostprocessing = 0;
		};
/* End PBXResourcesBuildPhase section */

/* Begin PBXShellScriptBuildPhase section */
		2B2B45FBBF203E6EB590FB7F /* [CP] Copy Pods Resources */ = {
			isa = PBXShellScriptBuildPhase;
			buildActionMask = 2147483647;
			files = (
			);
			inputPaths = (
			);
			name = "[CP] Copy Pods Resources";
			outputPaths = (
			);
			runOnlyForDeploymentPostprocessing = 0;
			shellPath = /bin/sh;
			shellScript = "\"${SRCROOT}/Pods/Target Support Files/Pods-HelloUniverseTests/Pods-HelloUniverseTests-resources.sh\"\n";
			showEnvVarsInLog = 0;
		};
		3FB1706D9C6CD48F6D53B43A /* [CP] Check Pods Manifest.lock */ = {
			isa = PBXShellScriptBuildPhase;
			buildActionMask = 2147483647;
			files = (
			);
			inputPaths = (
			);
			name = "[CP] Check Pods Manifest.lock";
			outputPaths = (
			);
			runOnlyForDeploymentPostprocessing = 0;
			shellPath = /bin/sh;
			shellScript = "diff \"${PODS_ROOT}/../Podfile.lock\" \"${PODS_ROOT}/Manifest.lock\" > /dev/null\nif [[ $? != 0 ]] ; then\n    cat << EOM\nerror: The sandbox is not in sync with the Podfile.lock. Run 'pod install' or update your CocoaPods installation.\nEOM\n    exit 1\nfi\n";
			showEnvVarsInLog = 0;
		};
		51522D2CFC494D54867F247C /* [CP] Embed Pods Frameworks */ = {
			isa = PBXShellScriptBuildPhase;
			buildActionMask = 2147483647;
			files = (
			);
			inputPaths = (
			);
			name = "[CP] Embed Pods Frameworks";
			outputPaths = (
			);
			runOnlyForDeploymentPostprocessing = 0;
			shellPath = /bin/sh;
			shellScript = "\"${SRCROOT}/Pods/Target Support Files/Pods-HelloUniverseTests/Pods-HelloUniverseTests-frameworks.sh\"\n";
			showEnvVarsInLog = 0;
		};
		7580CC739665B5C9BCC25C30 /* [CP] Copy Pods Resources */ = {
			isa = PBXShellScriptBuildPhase;
			buildActionMask = 2147483647;
			files = (
			);
			inputPaths = (
			);
			name = "[CP] Copy Pods Resources";
			outputPaths = (
			);
			runOnlyForDeploymentPostprocessing = 0;
			shellPath = /bin/sh;
			shellScript = "\"${SRCROOT}/Pods/Target Support Files/Pods-HelloUniverse/Pods-HelloUniverse-resources.sh\"\n";
			showEnvVarsInLog = 0;
		};
		8004B6085DA63EAC8C8856C1 /* [CP] Check Pods Manifest.lock */ = {
			isa = PBXShellScriptBuildPhase;
			buildActionMask = 2147483647;
			files = (
			);
			inputPaths = (
			);
			name = "[CP] Check Pods Manifest.lock";
			outputPaths = (
			);
			runOnlyForDeploymentPostprocessing = 0;
			shellPath = /bin/sh;
			shellScript = "diff \"${PODS_ROOT}/../Podfile.lock\" \"${PODS_ROOT}/Manifest.lock\" > /dev/null\nif [[ $? != 0 ]] ; then\n    cat << EOM\nerror: The sandbox is not in sync with the Podfile.lock. Run 'pod install' or update your CocoaPods installation.\nEOM\n    exit 1\nfi\n";
			showEnvVarsInLog = 0;
		};
		DACDF4DFFED7A44DCF8F9703 /* [CP] Embed Pods Frameworks */ = {
			isa = PBXShellScriptBuildPhase;
			buildActionMask = 2147483647;
			files = (
			);
			inputPaths = (
			);
			name = "[CP] Embed Pods Frameworks";
			outputPaths = (
			);
			runOnlyForDeploymentPostprocessing = 0;
			shellPath = /bin/sh;
			shellScript = "\"${SRCROOT}/Pods/Target Support Files/Pods-HelloUniverse/Pods-HelloUniverse-frameworks.sh\"\n";
			showEnvVarsInLog = 0;
		};
/* End PBXShellScriptBuildPhase section */

/* Begin PBXSourcesBuildPhase section */
		5B261E9C1D5225B00057F831 /* Sources */ = {
			isa = PBXSourcesBuildPhase;
			buildActionMask = 2147483647;
			files = (
				5B261EC61D52277B0057F831 /* Greeting.swift in Sources */,
				5B261EA61D5225B00057F831 /* ViewController.swift in Sources */,
				5B261EA41D5225B00057F831 /* AppDelegate.swift in Sources */,
			);
			runOnlyForDeploymentPostprocessing = 0;
		};
		5B261EB01D5225B00057F831 /* Sources */ = {
			isa = PBXSourcesBuildPhase;
			buildActionMask = 2147483647;
			files = (
				5B261EC81D522ADB0057F831 /* GreetingTest.swift in Sources */,
				5B261EB91D5225B00057F831 /* HelloUniverseTests.swift in Sources */,
			);
			runOnlyForDeploymentPostprocessing = 0;
		};
/* End PBXSourcesBuildPhase section */

/* Begin PBXTargetDependency section */
		5B261EB61D5225B00057F831 /* PBXTargetDependency */ = {
			isa = PBXTargetDependency;
			target = 5B261E9F1D5225B00057F831 /* HelloUniverse */;
			targetProxy = 5B261EB51D5225B00057F831 /* PBXContainerItemProxy */;
		};
/* End PBXTargetDependency section */

/* Begin PBXVariantGroup section */
		5B261EA71D5225B00057F831 /* Main.storyboard */ = {
			isa = PBXVariantGroup;
			children = (
				5B261EA81D5225B00057F831 /* Base */,
			);
			name = Main.storyboard;
			sourceTree = "<group>";
		};
		5B261EAC1D5225B00057F831 /* LaunchScreen.storyboard */ = {
			isa = PBXVariantGroup;
			children = (
				5B261EAD1D5225B00057F831 /* Base */,
			);
			name = LaunchScreen.storyboard;
			sourceTree = "<group>";
		};
/* End PBXVariantGroup section */

/* Begin XCBuildConfiguration section */
		5B261EBB1D5225B00057F831 /* Debug */ = {
			isa = XCBuildConfiguration;
			buildSettings = {
				ALWAYS_SEARCH_USER_PATHS = NO;
				CLANG_ANALYZER_NONNULL = YES;
				CLANG_CXX_LANGUAGE_STANDARD = "gnu++0x";
				CLANG_CXX_LIBRARY = "libc++";
				CLANG_ENABLE_MODULES = YES;
				CLANG_ENABLE_OBJC_ARC = YES;
				CLANG_WARN_BOOL_CONVERSION = YES;
				CLANG_WARN_CONSTANT_CONVERSION = YES;
				CLANG_WARN_DIRECT_OBJC_ISA_USAGE = YES_ERROR;
				CLANG_WARN_EMPTY_BODY = YES;
				CLANG_WARN_ENUM_CONVERSION = YES;
				CLANG_WARN_INT_CONVERSION = YES;
				CLANG_WARN_OBJC_ROOT_CLASS = YES_ERROR;
				CLANG_WARN_UNREACHABLE_CODE = YES;
				CLANG_WARN__DUPLICATE_METHOD_MATCH = YES;
				"CODE_SIGN_IDENTITY[sdk=iphoneos*]" = "iPhone Developer";
				COPY_PHASE_STRIP = NO;
				DEBUG_INFORMATION_FORMAT = dwarf;
				ENABLE_STRICT_OBJC_MSGSEND = YES;
				ENABLE_TESTABILITY = YES;
				GCC_C_LANGUAGE_STANDARD = gnu99;
				GCC_DYNAMIC_NO_PIC = NO;
				GCC_NO_COMMON_BLOCKS = YES;
				GCC_OPTIMIZATION_LEVEL = 0;
				GCC_PREPROCESSOR_DEFINITIONS = (
					"DEBUG=1",
					"$(inherited)",
				);
				GCC_WARN_64_TO_32_BIT_CONVERSION = YES;
				GCC_WARN_ABOUT_RETURN_TYPE = YES_ERROR;
				GCC_WARN_UNDECLARED_SELECTOR = YES;
				GCC_WARN_UNINITIALIZED_AUTOS = YES_AGGRESSIVE;
				GCC_WARN_UNUSED_FUNCTION = YES;
				GCC_WARN_UNUSED_VARIABLE = YES;
				IPHONEOS_DEPLOYMENT_TARGET = 9.3;
				MTL_ENABLE_DEBUG_INFO = YES;
				ONLY_ACTIVE_ARCH = YES;
				SDKROOT = iphoneos;
				SWIFT_OPTIMIZATION_LEVEL = "-Onone";
			};
			name = Debug;
		};
		5B261EBC1D5225B00057F831 /* Release */ = {
			isa = XCBuildConfiguration;
			buildSettings = {
				ALWAYS_SEARCH_USER_PATHS = NO;
				CLANG_ANALYZER_NONNULL = YES;
				CLANG_CXX_LANGUAGE_STANDARD = "gnu++0x";
				CLANG_CXX_LIBRARY = "libc++";
				CLANG_ENABLE_MODULES = YES;
				CLANG_ENABLE_OBJC_ARC = YES;
				CLANG_WARN_BOOL_CONVERSION = YES;
				CLANG_WARN_CONSTANT_CONVERSION = YES;
				CLANG_WARN_DIRECT_OBJC_ISA_USAGE = YES_ERROR;
				CLANG_WARN_EMPTY_BODY = YES;
				CLANG_WARN_ENUM_CONVERSION = YES;
				CLANG_WARN_INT_CONVERSION = YES;
				CLANG_WARN_OBJC_ROOT_CLASS = YES_ERROR;
				CLANG_WARN_UNREACHABLE_CODE = YES;
				CLANG_WARN__DUPLICATE_METHOD_MATCH = YES;
				"CODE_SIGN_IDENTITY[sdk=iphoneos*]" = "iPhone Developer";
				COPY_PHASE_STRIP = NO;
				DEBUG_INFORMATION_FORMAT = "dwarf-with-dsym";
				ENABLE_NS_ASSERTIONS = NO;
				ENABLE_STRICT_OBJC_MSGSEND = YES;
				GCC_C_LANGUAGE_STANDARD = gnu99;
				GCC_NO_COMMON_BLOCKS = YES;
				GCC_WARN_64_TO_32_BIT_CONVERSION = YES;
				GCC_WARN_ABOUT_RETURN_TYPE = YES_ERROR;
				GCC_WARN_UNDECLARED_SELECTOR = YES;
				GCC_WARN_UNINITIALIZED_AUTOS = YES_AGGRESSIVE;
				GCC_WARN_UNUSED_FUNCTION = YES;
				GCC_WARN_UNUSED_VARIABLE = YES;
				IPHONEOS_DEPLOYMENT_TARGET = 9.3;
				MTL_ENABLE_DEBUG_INFO = NO;
				SDKROOT = iphoneos;
				VALIDATE_PRODUCT = YES;
			};
			name = Release;
		};
		5B261EBE1D5225B00057F831 /* Debug */ = {
			isa = XCBuildConfiguration;
			baseConfigurationReference = 4B265A6801C8FB606395BCB0 /* Pods-HelloUniverse.debug.xcconfig */;
			buildSettings = {
				ASSETCATALOG_COMPILER_APPICON_NAME = AppIcon;
				INFOPLIST_FILE = HelloUniverse/Info.plist;
				LD_RUNPATH_SEARCH_PATHS = "$(inherited) @executable_path/Frameworks";
				PRODUCT_BUNDLE_IDENTIFIER = com.flatironSchool.HelloUniverse;
				PRODUCT_NAME = "$(TARGET_NAME)";
			};
			name = Debug;
		};
		5B261EBF1D5225B00057F831 /* Release */ = {
			isa = XCBuildConfiguration;
			baseConfigurationReference = D3253BE278F0A62500DE08C2 /* Pods-HelloUniverse.release.xcconfig */;
			buildSettings = {
				ASSETCATALOG_COMPILER_APPICON_NAME = AppIcon;
				INFOPLIST_FILE = HelloUniverse/Info.plist;
				LD_RUNPATH_SEARCH_PATHS = "$(inherited) @executable_path/Frameworks";
				PRODUCT_BUNDLE_IDENTIFIER = com.flatironSchool.HelloUniverse;
				PRODUCT_NAME = "$(TARGET_NAME)";
			};
			name = Release;
		};
		5B261EC11D5225B00057F831 /* Debug */ = {
			isa = XCBuildConfiguration;
			baseConfigurationReference = 0B6669A58490544F82509EE5 /* Pods-HelloUniverseTests.debug.xcconfig */;
			buildSettings = {
				BUNDLE_LOADER = "$(TEST_HOST)";
				INFOPLIST_FILE = HelloUniverseTests/Info.plist;
				LD_RUNPATH_SEARCH_PATHS = "$(inherited) @executable_path/Frameworks @loader_path/Frameworks";
				PRODUCT_BUNDLE_IDENTIFIER = com.flatironSchool.HelloUniverseTests;
				PRODUCT_NAME = "$(TARGET_NAME)";
				TEST_HOST = "$(BUILT_PRODUCTS_DIR)/HelloUniverse.app/HelloUniverse";
			};
			name = Debug;
		};
		5B261EC21D5225B00057F831 /* Release */ = {
			isa = XCBuildConfiguration;
			baseConfigurationReference = 112D9E5951C37CC1429EF5E4 /* Pods-HelloUniverseTests.release.xcconfig */;
			buildSettings = {
				BUNDLE_LOADER = "$(TEST_HOST)";
				INFOPLIST_FILE = HelloUniverseTests/Info.plist;
				LD_RUNPATH_SEARCH_PATHS = "$(inherited) @executable_path/Frameworks @loader_path/Frameworks";
				PRODUCT_BUNDLE_IDENTIFIER = com.flatironSchool.HelloUniverseTests;
				PRODUCT_NAME = "$(TARGET_NAME)";
				TEST_HOST = "$(BUILT_PRODUCTS_DIR)/HelloUniverse.app/HelloUniverse";
			};
			name = Release;
		};
/* End XCBuildConfiguration section */

/* Begin XCConfigurationList section */
		5B261E9B1D5225B00057F831 /* Build configuration list for PBXProject "HelloUniverse" */ = {
			isa = XCConfigurationList;
			buildConfigurations = (
				5B261EBB1D5225B00057F831 /* Debug */,
				5B261EBC1D5225B00057F831 /* Release */,
			);
			defaultConfigurationIsVisible = 0;
			defaultConfigurationName = Release;
		};
		5B261EBD1D5225B00057F831 /* Build configuration list for PBXNativeTarget "HelloUniverse" */ = {
			isa = XCConfigurationList;
			buildConfigurations = (
				5B261EBE1D5225B00057F831 /* Debug */,
				5B261EBF1D5225B00057F831 /* Release */,
			);
			defaultConfigurationIsVisible = 0;
			defaultConfigurationName = Release;
		};
		5B261EC01D5225B00057F831 /* Build configuration list for PBXNativeTarget "HelloUniverseTests" */ = {
			isa = XCConfigurationList;
			buildConfigurations = (
				5B261EC11D5225B00057F831 /* Debug */,
				5B261EC21D5225B00057F831 /* Release */,
			);
			defaultConfigurationIsVisible = 0;
			defaultConfigurationName = Release;
		};
/* End XCConfigurationList section */
	};
	rootObject = 5B261E981D5225B00057F831 /* Project object */;
}
